{
  "name": "vue1",
  "version": "1.0.0",
  "lockfileVersion": 1,
  "requires": true,
  "dependencies": {
    "bootstrap": {
      "version": "3.3.7",
      "resolved": "http://registry.npm.taobao.org/bootstrap/download/bootstrap-3.3.7.tgz",
      "integrity": "sha1-WjiTlFSfIzMIdaOxUGVldPip63E="
    },
    "vue": {
      "version": "2.4.4",
      "resolved": "http://registry.npm.taobao.org/vue/download/vue-2.4.4.tgz",
      "integrity": "sha1-6pVQuWpxRl/SuLF7YWc7NWGGF4k="
    }
  }
}
