{
  "name": "handsome1",
  "version": "1.0.1",
  "lockfileVersion": 1,
  "requires": true,
  "dependencies": {
    "handsome": {
      "version": "1.0.1",
      "resolved": "https://registry.npmjs.org/handsome/-/handsome-1.0.1.tgz",
      "integrity": "sha512-PwN3g+T0d8klqf55sA8A5JdTrP+tS+ijErzkVU7Hm1FavFfj1vJq219T3KXO6z1Hx2i7nACcYYTFNcak08bZiw==",
      "requires": {
        "jquery": "3.2.1"
      },
      "dependencies": {
        "jquery": {
          "version": "3.2.1",
          "resolved": "https://registry.npmjs.org/jquery/-/jquery-3.2.1.tgz",
          "integrity": "sha1-XE2d5lKvbNCncBVKYxu6ErAVx4c="
        }
      }
    }
  }
}
